
Microsoft Visual Studio Solution File, Format Version 12.00
# Visual Studio Version 17
VisualStudioVersion = 17.0.31903.59
MinimumVisualStudioVersion = 10.0.40219.1
Project("{FAE04EC0-301F-11D3-BF4B-00C04F79EFBC}") = "WeatherApp.Web", "WeatherApp.Web\WeatherApp.Web.csproj", "{A807D9D8-9FF9-4DC8-9ACA-7DB45CA42A37}"
EndProject
Project("{FAE04EC0-301F-11D3-BF4B-00C04F79EFBC}") = "WeatherApp.Api", "WeatherApp.Api\WeatherApp.Api.csproj", "{821458AA-2B62-4910-AC7F-6A639F3409F4}"
EndProject
Global
	GlobalSection(SolutionConfigurationPlatforms) = preSolution
		Debug|Any CPU = Debug|Any CPU
		Release|Any CPU = Release|Any CPU
	EndGlobalSection
	GlobalSection(SolutionProperties) = preSolution
		HideSolutionNode = FALSE
	EndGlobalSection
	GlobalSection(ProjectConfigurationPlatforms) = postSolution
		{A807D9D8-9FF9-4DC8-9ACA-7DB45CA42A37}.Debug|Any CPU.ActiveCfg = Debug|Any CPU
		{A807D9D8-9FF9-4DC8-9ACA-7DB45CA42A37}.Debug|Any CPU.Build.0 = Debug|Any CPU
		{821458AA-2B62-4910-AC7F-6A639F3409F4}.Debug|Any CPU.ActiveCfg = Debug|Any CPU
		{821458AA-2B62-4910-AC7F-6A639F3409F4}.Debug|Any CPU.Build.0 = Debug|Any CPU
	EndGlobalSection
EndGlobal
